
Microsoft Visual Studio Solution File, Format Version 12.00
# Visual Studio Version 17
VisualStudioVersion = 17.5.33516.290
MinimumVisualStudioVersion = 10.0.40219.1
Project("{FAE04EC0-301F-11D3-BF4B-00C04F79EFBC}") = "Lauryne Blomme, Manon Goffinet - Fleurs", "Lauryne Blomme, Manon Goffinet - Fleurs\Lauryne Blomme, Manon Goffinet - Fleurs.csproj", "{CC98E6EE-8B9D-4D28-9236-20B7119340BA}"
EndProject
Global
	GlobalSection(SolutionConfigurationPlatforms) = preSolution
		Debug|Any CPU = Debug|Any CPU
		Release|Any CPU = Release|Any CPU
	EndGlobalSection
	GlobalSection(ProjectConfigurationPlatforms) = postSolution
		{CC98E6EE-8B9D-4D28-9236-20B7119340BA}.Debug|Any CPU.ActiveCfg = Debug|Any CPU
		{CC98E6EE-8B9D-4D28-9236-20B7119340BA}.Debug|Any CPU.Build.0 = Debug|Any CPU
		{CC98E6EE-8B9D-4D28-9236-20B7119340BA}.Release|Any CPU.ActiveCfg = Release|Any CPU
		{CC98E6EE-8B9D-4D28-9236-20B7119340BA}.Release|Any CPU.Build.0 = Release|Any CPU
	EndGlobalSection
	GlobalSection(SolutionProperties) = preSolution
		HideSolutionNode = FALSE
	EndGlobalSection
	GlobalSection(ExtensibilityGlobals) = postSolution
		SolutionGuid = {86BB3078-D84B-4196-B990-8BE8C765F5AF}
	EndGlobalSection
EndGlobal
